
Microsoft Visual Studio Solution File, Format Version 12.00
# Visual Studio Version 17
VisualStudioVersion = 17.12.35527.113 d17.12
MinimumVisualStudioVersion = 10.0.40219.1
Project("{FAE04EC0-301F-11D3-BF4B-00C04F79EFBC}") = "Entity", "Entity\Entity.csproj", "{646ED09B-FD7F-446B-B03F-1FB517547F7D}"
EndProject
Project("{FAE04EC0-301F-11D3-BF4B-00C04F79EFBC}") = "Repository", "Repository\Repository.csproj", "{19DD018F-5AF2-4400-8378-7B4FB34683A1}"
EndProject
Project("{FAE04EC0-301F-11D3-BF4B-00C04F79EFBC}") = "Manager", "Manager\Manager.csproj", "{243C0700-C96D-4CAC-BE98-6DEED699EDBA}"
EndProject
Project("{FAE04EC0-301F-11D3-BF4B-00C04F79EFBC}") = "API", "API\API.csproj", "{81B1A205-4014-4012-8A6D-D13F5B2DBE0B}"
EndProject
Global
	GlobalSection(SolutionConfigurationPlatforms) = preSolution
		Debug|Any CPU = Debug|Any CPU
		Release|Any CPU = Release|Any CPU
	EndGlobalSection
	GlobalSection(ProjectConfigurationPlatforms) = postSolution
		{646ED09B-FD7F-446B-B03F-1FB517547F7D}.Debug|Any CPU.ActiveCfg = Debug|Any CPU
		{646ED09B-FD7F-446B-B03F-1FB517547F7D}.Debug|Any CPU.Build.0 = Debug|Any CPU
		{646ED09B-FD7F-446B-B03F-1FB517547F7D}.Release|Any CPU.ActiveCfg = Release|Any CPU
		{646ED09B-FD7F-446B-B03F-1FB517547F7D}.Release|Any CPU.Build.0 = Release|Any CPU
		{19DD018F-5AF2-4400-8378-7B4FB34683A1}.Debug|Any CPU.ActiveCfg = Debug|Any CPU
		{19DD018F-5AF2-4400-8378-7B4FB34683A1}.Debug|Any CPU.Build.0 = Debug|Any CPU
		{19DD018F-5AF2-4400-8378-7B4FB34683A1}.Release|Any CPU.ActiveCfg = Release|Any CPU
		{19DD018F-5AF2-4400-8378-7B4FB34683A1}.Release|Any CPU.Build.0 = Release|Any CPU
		{243C0700-C96D-4CAC-BE98-6DEED699EDBA}.Debug|Any CPU.ActiveCfg = Debug|Any CPU
		{243C0700-C96D-4CAC-BE98-6DEED699EDBA}.Debug|Any CPU.Build.0 = Debug|Any CPU
		{243C0700-C96D-4CAC-BE98-6DEED699EDBA}.Release|Any CPU.ActiveCfg = Release|Any CPU
		{243C0700-C96D-4CAC-BE98-6DEED699EDBA}.Release|Any CPU.Build.0 = Release|Any CPU
		{81B1A205-4014-4012-8A6D-D13F5B2DBE0B}.Debug|Any CPU.ActiveCfg = Debug|Any CPU
		{81B1A205-4014-4012-8A6D-D13F5B2DBE0B}.Debug|Any CPU.Build.0 = Debug|Any CPU
		{81B1A205-4014-4012-8A6D-D13F5B2DBE0B}.Release|Any CPU.ActiveCfg = Release|Any CPU
		{81B1A205-4014-4012-8A6D-D13F5B2DBE0B}.Release|Any CPU.Build.0 = Release|Any CPU
	EndGlobalSection
	GlobalSection(SolutionProperties) = preSolution
		HideSolutionNode = FALSE
	EndGlobalSection
EndGlobal
